
Microsoft Visual Studio Solution File, Format Version 12.00
# Visual Studio 15
VisualStudioVersion = 15.0.28307.1705
MinimumVisualStudioVersion = 10.0.40219.1
Project("{8BC9CEB8-8B4A-11D0-8D11-00A0C91BC942}") = "Project3", "Project3\Project3.vcxproj", "{E48BDB3A-2DED-4D4A-990D-0987D7A5A87E}"
EndProject
Global
	GlobalSection(SolutionConfigurationPlatforms) = preSolution
		Debug|x64 = Debug|x64
		Debug|x86 = Debug|x86
		Release|x64 = Release|x64
		Release|x86 = Release|x86
	EndGlobalSection
	GlobalSection(ProjectConfigurationPlatforms) = postSolution
		{E48BDB3A-2DED-4D4A-990D-0987D7A5A87E}.Debug|x64.ActiveCfg = Debug|x64
		{E48BDB3A-2DED-4D4A-990D-0987D7A5A87E}.Debug|x64.Build.0 = Debug|x64
		{E48BDB3A-2DED-4D4A-990D-0987D7A5A87E}.Debug|x86.ActiveCfg = Debug|Win32
		{E48BDB3A-2DED-4D4A-990D-0987D7A5A87E}.Debug|x86.Build.0 = Debug|Win32
		{E48BDB3A-2DED-4D4A-990D-0987D7A5A87E}.Release|x64.ActiveCfg = Release|x64
		{E48BDB3A-2DED-4D4A-990D-0987D7A5A87E}.Release|x64.Build.0 = Release|x64
		{E48BDB3A-2DED-4D4A-990D-0987D7A5A87E}.Release|x86.ActiveCfg = Release|Win32
		{E48BDB3A-2DED-4D4A-990D-0987D7A5A87E}.Release|x86.Build.0 = Release|Win32
	EndGlobalSection
	GlobalSection(SolutionProperties) = preSolution
		HideSolutionNode = FALSE
	EndGlobalSection
	GlobalSection(ExtensibilityGlobals) = postSolution
		SolutionGuid = {AF472EEE-2895-4957-A588-42CE7B18457B}
	EndGlobalSection
EndGlobal
